
Microsoft Visual Studio Solution File, Format Version 12.00
# Visual Studio Version 16
VisualStudioVersion = 16.0.30804.86
MinimumVisualStudioVersion = 10.0.40219.1
Project("{FAE04EC0-301F-11D3-BF4B-00C04F79EFBC}") = "HW5.26.21CSV.Web", "HW5.26.21CSV.Web\HW5.26.21CSV.Web.csproj", "{E045AC92-E880-4E97-9AB3-E1CF293F766F}"
EndProject
Project("{FAE04EC0-301F-11D3-BF4B-00C04F79EFBC}") = "HW5.26.21CSV.Data", "HW5.26.21CSV.Data\HW5.26.21CSV.Data.csproj", "{9385A52E-7DAE-4639-967F-0A8975707732}"
EndProject
Global
	GlobalSection(SolutionConfigurationPlatforms) = preSolution
		Debug|Any CPU = Debug|Any CPU
		Release|Any CPU = Release|Any CPU
	EndGlobalSection
	GlobalSection(ProjectConfigurationPlatforms) = postSolution
		{E045AC92-E880-4E97-9AB3-E1CF293F766F}.Debug|Any CPU.ActiveCfg = Debug|Any CPU
		{E045AC92-E880-4E97-9AB3-E1CF293F766F}.Debug|Any CPU.Build.0 = Debug|Any CPU
		{E045AC92-E880-4E97-9AB3-E1CF293F766F}.Release|Any CPU.ActiveCfg = Release|Any CPU
		{E045AC92-E880-4E97-9AB3-E1CF293F766F}.Release|Any CPU.Build.0 = Release|Any CPU
		{9385A52E-7DAE-4639-967F-0A8975707732}.Debug|Any CPU.ActiveCfg = Debug|Any CPU
		{9385A52E-7DAE-4639-967F-0A8975707732}.Debug|Any CPU.Build.0 = Debug|Any CPU
		{9385A52E-7DAE-4639-967F-0A8975707732}.Release|Any CPU.ActiveCfg = Release|Any CPU
		{9385A52E-7DAE-4639-967F-0A8975707732}.Release|Any CPU.Build.0 = Release|Any CPU
	EndGlobalSection
	GlobalSection(SolutionProperties) = preSolution
		HideSolutionNode = FALSE
	EndGlobalSection
	GlobalSection(ExtensibilityGlobals) = postSolution
		SolutionGuid = {BE25D58E-2A05-4B30-BF2C-7E6543C7FD06}
	EndGlobalSection
EndGlobal
